
Microsoft Visual Studio Solution File, Format Version 12.00
# Visual Studio 15
VisualStudioVersion = 15.0.28307.168
MinimumVisualStudioVersion = 10.0.40219.1
Project("{FAE04EC0-301F-11D3-BF4B-00C04F79EFBC}") = "AspNetCore.IdentityProvider.Mongo", "AspNetCore.IdentityProvider.Mongo\AspNetCore.IdentityProvider.Mongo.csproj", "{92691D2B-BBC2-4BFB-8A41-BD4420F4ABD9}"
EndProject
Global
	GlobalSection(SolutionConfigurationPlatforms) = preSolution
		Debug|Any CPU = Debug|Any CPU
		Release|Any CPU = Release|Any CPU
	EndGlobalSection
	GlobalSection(ProjectConfigurationPlatforms) = postSolution
		{92691D2B-BBC2-4BFB-8A41-BD4420F4ABD9}.Debug|Any CPU.ActiveCfg = Debug|Any CPU
		{92691D2B-BBC2-4BFB-8A41-BD4420F4ABD9}.Debug|Any CPU.Build.0 = Debug|Any CPU
		{92691D2B-BBC2-4BFB-8A41-BD4420F4ABD9}.Release|Any CPU.ActiveCfg = Release|Any CPU
		{92691D2B-BBC2-4BFB-8A41-BD4420F4ABD9}.Release|Any CPU.Build.0 = Release|Any CPU
	EndGlobalSection
	GlobalSection(SolutionProperties) = preSolution
		HideSolutionNode = FALSE
	EndGlobalSection
	GlobalSection(ExtensibilityGlobals) = postSolution
		SolutionGuid = {8D8039D5-C73F-46B5-A85A-EB4C8F4CE467}
	EndGlobalSection
EndGlobal
